
Microsoft Visual Studio Solution File, Format Version 12.00
# Visual Studio Version 16
VisualStudioVersion = 16.0.30517.126
MinimumVisualStudioVersion = 10.0.40219.1
Project("{9A19103F-16F7-4668-BE54-9A1E7A4F7556}") = "EscapeMines", "EscapeMines\EscapeMines.csproj", "{666041EB-DBA0-4402-932C-26C483A21637}"
EndProject
Project("{2150E333-8FDC-42A3-9474-1A3956D46DE8}") = "Tests", "Tests", "{D795F95F-CE87-4745-A023-7FEB901FE043}"
EndProject
Project("{9A19103F-16F7-4668-BE54-9A1E7A4F7556}") = "EscapeMines.UnitTests", "EscapeMines.UnitTests\EscapeMines.UnitTests.csproj", "{3B3B1611-D8C5-455B-8EC8-00360030F063}"
EndProject
Project("{FAE04EC0-301F-11D3-BF4B-00C04F79EFBC}") = "EscapeMines.IntegrationTests", "EscapeMines.IntegrationTests\EscapeMines.IntegrationTests.csproj", "{43B069FF-ABBC-4304-9A12-97AA35189D2F}"
EndProject
Global
	GlobalSection(SolutionConfigurationPlatforms) = preSolution
		Debug|Any CPU = Debug|Any CPU
		Release|Any CPU = Release|Any CPU
	EndGlobalSection
	GlobalSection(ProjectConfigurationPlatforms) = postSolution
		{666041EB-DBA0-4402-932C-26C483A21637}.Debug|Any CPU.ActiveCfg = Debug|Any CPU
		{666041EB-DBA0-4402-932C-26C483A21637}.Debug|Any CPU.Build.0 = Debug|Any CPU
		{666041EB-DBA0-4402-932C-26C483A21637}.Release|Any CPU.ActiveCfg = Release|Any CPU
		{666041EB-DBA0-4402-932C-26C483A21637}.Release|Any CPU.Build.0 = Release|Any CPU
		{3B3B1611-D8C5-455B-8EC8-00360030F063}.Debug|Any CPU.ActiveCfg = Debug|Any CPU
		{3B3B1611-D8C5-455B-8EC8-00360030F063}.Debug|Any CPU.Build.0 = Debug|Any CPU
		{3B3B1611-D8C5-455B-8EC8-00360030F063}.Release|Any CPU.ActiveCfg = Release|Any CPU
		{3B3B1611-D8C5-455B-8EC8-00360030F063}.Release|Any CPU.Build.0 = Release|Any CPU
		{43B069FF-ABBC-4304-9A12-97AA35189D2F}.Debug|Any CPU.ActiveCfg = Debug|Any CPU
		{43B069FF-ABBC-4304-9A12-97AA35189D2F}.Debug|Any CPU.Build.0 = Debug|Any CPU
		{43B069FF-ABBC-4304-9A12-97AA35189D2F}.Release|Any CPU.ActiveCfg = Release|Any CPU
		{43B069FF-ABBC-4304-9A12-97AA35189D2F}.Release|Any CPU.Build.0 = Release|Any CPU
	EndGlobalSection
	GlobalSection(SolutionProperties) = preSolution
		HideSolutionNode = FALSE
	EndGlobalSection
	GlobalSection(NestedProjects) = preSolution
		{3B3B1611-D8C5-455B-8EC8-00360030F063} = {D795F95F-CE87-4745-A023-7FEB901FE043}
		{43B069FF-ABBC-4304-9A12-97AA35189D2F} = {D795F95F-CE87-4745-A023-7FEB901FE043}
	EndGlobalSection
	GlobalSection(ExtensibilityGlobals) = postSolution
		SolutionGuid = {16DF4F01-FF4A-4CBC-A7E2-3CF935A56DCD}
	EndGlobalSection
EndGlobal
